
Microsoft Visual Studio Solution File, Format Version 12.00
# Visual Studio Version 17
VisualStudioVersion = 17.6.33513.286
MinimumVisualStudioVersion = 10.0.40219.1
Project("{FAE04EC0-301F-11D3-BF4B-00C04F79EFBC}") = "AITavern", "AITavern\AITavern.csproj", "{8847A7AF-E980-4983-9E3F-28D9F859BFF7}"
EndProject
Global
	GlobalSection(SolutionConfigurationPlatforms) = preSolution
		Debug|Any CPU = Debug|Any CPU
		Release|Any CPU = Release|Any CPU
	EndGlobalSection
	GlobalSection(ProjectConfigurationPlatforms) = postSolution
		{8847A7AF-E980-4983-9E3F-28D9F859BFF7}.Debug|Any CPU.ActiveCfg = Debug|Any CPU
		{8847A7AF-E980-4983-9E3F-28D9F859BFF7}.Debug|Any CPU.Build.0 = Debug|Any CPU
		{8847A7AF-E980-4983-9E3F-28D9F859BFF7}.Release|Any CPU.ActiveCfg = Release|Any CPU
		{8847A7AF-E980-4983-9E3F-28D9F859BFF7}.Release|Any CPU.Build.0 = Release|Any CPU
	EndGlobalSection
	GlobalSection(SolutionProperties) = preSolution
		HideSolutionNode = FALSE
	EndGlobalSection
	GlobalSection(ExtensibilityGlobals) = postSolution
		SolutionGuid = {A67225D1-226C-4295-94CC-76156746B35B}
	EndGlobalSection
EndGlobal
